// !$*UTF8*$!
{
	archiveVersion = 1;
	classes = {
	};
	objectVersion = 77;
	objects = {

/* Begin PBXBuildFile section */
		CEF228142D70877800E97B2A /* RealmSwift in Frameworks */ = {isa = PBXBuildFile; productRef = CEF228132D70877800E97B2A /* RealmSwift */; };
		CEF228162D70877800E97B2A /* RealmSwift in Embed Frameworks */ = {isa = PBXBuildFile; productRef = CEF228132D70877800E97B2A /* RealmSwift */; settings = {ATTRIBUTES = (CodeSignOnCopy, ); }; };
/* End PBXBuildFile section */

/* Begin PBXContainerItemProxy section */
		CEF227C12D706D7800E97B2A /* PBXContainerItemProxy */ = {
			isa = PBXContainerItemProxy;
			containerPortal = CEF227A82D706D7600E97B2A /* Project object */;
			proxyType = 1;
			remoteGlobalIDString = CEF227AF2D706D7600E97B2A;
			remoteInfo = TODOApp_SwiftUI;
		};
		CEF227CB2D706D7800E97B2A /* PBXContainerItemProxy */ = {
			isa = PBXContainerItemProxy;
			containerPortal = CEF227A82D706D7600E97B2A /* Project object */;
			proxyType = 1;
			remoteGlobalIDString = CEF227AF2D706D7600E97B2A;
			remoteInfo = TODOApp_SwiftUI;
		};
/* End PBXContainerItemProxy section */

/* Begin PBXCopyFilesBuildPhase section */
		CEF228152D70877800E97B2A /* Embed Frameworks */ = {
			isa = PBXCopyFilesBuildPhase;
			buildActionMask = 2147483647;
			dstPath = "";
			dstSubfolderSpec = 10;
			files = (
				CEF228162D70877800E97B2A /* RealmSwift in Embed Frameworks */,
			);
			name = "Embed Frameworks";
			runOnlyForDeploymentPostprocessing = 0;
		};
/* End PBXCopyFilesBuildPhase section */

/* Begin PBXFileReference section */
		CEF227B02D706D7600E97B2A /* TODOApp_SwiftUI.app */ = {isa = PBXFileReference; explicitFileType = wrapper.application; includeInIndex = 0; path = TODOApp_SwiftUI.app; sourceTree = BUILT_PRODUCTS_DIR; };
		CEF227C02D706D7800E97B2A /* TODOApp_SwiftUITests.xctest */ = {isa = PBXFileReference; explicitFileType = wrapper.cfbundle; includeInIndex = 0; path = TODOApp_SwiftUITests.xctest; sourceTree = BUILT_PRODUCTS_DIR; };
		CEF227CA2D706D7800E97B2A /* TODOApp_SwiftUIUITests.xctest */ = {isa = PBXFileReference; explicitFileType = wrapper.cfbundle; includeInIndex = 0; path = TODOApp_SwiftUIUITests.xctest; sourceTree = BUILT_PRODUCTS_DIR; };
/* End PBXFileReference section */

/* Begin PBXFileSystemSynchronizedRootGroup section */
		CEF227B22D706D7600E97B2A /* TODOApp_SwiftUI */ = {
			isa = PBXFileSystemSynchronizedRootGroup;
			path = TODOApp_SwiftUI;
			sourceTree = "<group>";
		};
		CEF227C32D706D7800E97B2A /* TODOApp_SwiftUITests */ = {
			isa = PBXFileSystemSynchronizedRootGroup;
			path = TODOApp_SwiftUITests;
			sourceTree = "<group>";
		};
		CEF227CD2D706D7800E97B2A /* TODOApp_SwiftUIUITests */ = {
			isa = PBXFileSystemSynchronizedRootGroup;
			path = TODOApp_SwiftUIUITests;
			sourceTree = "<group>";
		};
/* End PBXFileSystemSynchronizedRootGroup section */

/* Begin PBXFrameworksBuildPhase section */
		CEF227AD2D706D7600E97B2A /* Frameworks */ = {
			isa = PBXFrameworksBuildPhase;
			buildActionMask = 2147483647;
			files = (
				CEF228142D70877800E97B2A /* RealmSwift in Frameworks */,
			);
			runOnlyForDeploymentPostprocessing = 0;
		};
		CEF227BD2D706D7800E97B2A /* Frameworks */ = {
			isa = PBXFrameworksBuildPhase;
			buildActionMask = 2147483647;
			files = (
			);
			runOnlyForDeploymentPostprocessing = 0;
		};
		CEF227C72D706D7800E97B2A /* Frameworks */ = {
			isa = PBXFrameworksBuildPhase;
			buildActionMask = 2147483647;
			files = (
			);
			runOnlyForDeploymentPostprocessing = 0;
		};
/* End PBXFrameworksBuildPhase section */

/* Begin PBXGroup section */
		CEF227A72D706D7600E97B2A = {
			isa = PBXGroup;
			children = (
				CEF227B22D706D7600E97B2A /* TODOApp_SwiftUI */,
				CEF227C32D706D7800E97B2A /* TODOApp_SwiftUITests */,
				CEF227CD2D706D7800E97B2A /* TODOApp_SwiftUIUITests */,
				CEF228122D70877800E97B2A /* Frameworks */,
				CEF227B12D706D7600E97B2A /* Products */,
			);
			sourceTree = "<group>";
		};
		CEF227B12D706D7600E97B2A /* Products */ = {
			isa = PBXGroup;
			children = (
				CEF227B02D706D7600E97B2A /* TODOApp_SwiftUI.app */,
				CEF227C02D706D7800E97B2A /* TODOApp_SwiftUITests.xctest */,
				CEF227CA2D706D7800E97B2A /* TODOApp_SwiftUIUITests.xctest */,
			);
			name = Products;
			sourceTree = "<group>";
		};
		CEF228122D70877800E97B2A /* Frameworks */ = {
			isa = PBXGroup;
			children = (
			);
			name = Frameworks;
			sourceTree = "<group>";
		};
/* End PBXGroup section */

/* Begin PBXNativeTarget section */
		CEF227AF2D706D7600E97B2A /* TODOApp_SwiftUI */ = {
			isa = PBXNativeTarget;
			buildConfigurationList = CEF227D42D706D7800E97B2A /* Build configuration list for PBXNativeTarget "TODOApp_SwiftUI" */;
			buildPhases = (
				CEF227AC2D706D7600E97B2A /* Sources */,
				CEF227AD2D706D7600E97B2A /* Frameworks */,
				CEF227AE2D706D7600E97B2A /* Resources */,
				CEF228152D70877800E97B2A /* Embed Frameworks */,
			);
			buildRules = (
			);
			dependencies = (
			);
			fileSystemSynchronizedGroups = (
				CEF227B22D706D7600E97B2A /* TODOApp_SwiftUI */,
			);
			name = TODOApp_SwiftUI;
			packageProductDependencies = (
				CEF228132D70877800E97B2A /* RealmSwift */,
			);
			productName = TODOApp_SwiftUI;
			productReference = CEF227B02D706D7600E97B2A /* TODOApp_SwiftUI.app */;
			productType = "com.apple.product-type.application";
		};
		CEF227BF2D706D7800E97B2A /* TODOApp_SwiftUITests */ = {
			isa = PBXNativeTarget;
			buildConfigurationList = CEF227D72D706D7800E97B2A /* Build configuration list for PBXNativeTarget "TODOApp_SwiftUITests" */;
			buildPhases = (
				CEF227BC2D706D7800E97B2A /* Sources */,
				CEF227BD2D706D7800E97B2A /* Frameworks */,
				CEF227BE2D706D7800E97B2A /* Resources */,
			);
			buildRules = (
			);
			dependencies = (
				CEF227C22D706D7800E97B2A /* PBXTargetDependency */,
			);
			fileSystemSynchronizedGroups = (
				CEF227C32D706D7800E97B2A /* TODOApp_SwiftUITests */,
			);
			name = TODOApp_SwiftUITests;
			packageProductDependencies = (
			);
			productName = TODOApp_SwiftUITests;
			productReference = CEF227C02D706D7800E97B2A /* TODOApp_SwiftUITests.xctest */;
			productType = "com.apple.product-type.bundle.unit-test";
		};
		CEF227C92D706D7800E97B2A /* TODOApp_SwiftUIUITests */ = {
			isa = PBXNativeTarget;
			buildConfigurationList = CEF227DA2D706D7800E97B2A /* Build configuration list for PBXNativeTarget "TODOApp_SwiftUIUITests" */;
			buildPhases = (
				CEF227C62D706D7800E97B2A /* Sources */,
				CEF227C72D706D7800E97B2A /* Frameworks */,
				CEF227C82D706D7800E97B2A /* Resources */,
			);
			buildRules = (
			);
			dependencies = (
				CEF227CC2D706D7800E97B2A /* PBXTargetDependency */,
			);
			fileSystemSynchronizedGroups = (
				CEF227CD2D706D7800E97B2A /* TODOApp_SwiftUIUITests */,
			);
			name = TODOApp_SwiftUIUITests;
			packageProductDependencies = (
			);
			productName = TODOApp_SwiftUIUITests;
			productReference = CEF227CA2D706D7800E97B2A /* TODOApp_SwiftUIUITests.xctest */;
			productType = "com.apple.product-type.bundle.ui-testing";
		};
/* End PBXNativeTarget section */

/* Begin PBXProject section */
		CEF227A82D706D7600E97B2A /* Project object */ = {
			isa = PBXProject;
			attributes = {
				BuildIndependentTargetsInParallel = 1;
				LastSwiftUpdateCheck = 1620;
				LastUpgradeCheck = 1620;
				TargetAttributes = {
					CEF227AF2D706D7600E97B2A = {
						CreatedOnToolsVersion = 16.2;
					};
					CEF227BF2D706D7800E97B2A = {
						CreatedOnToolsVersion = 16.2;
						TestTargetID = CEF227AF2D706D7600E97B2A;
					};
					CEF227C92D706D7800E97B2A = {
						CreatedOnToolsVersion = 16.2;
						TestTargetID = CEF227AF2D706D7600E97B2A;
					};
				};
			};
			buildConfigurationList = CEF227AB2D706D7600E97B2A /* Build configuration list for PBXProject "TODOApp_SwiftUI" */;
			developmentRegion = en;
			hasScannedForEncodings = 0;
			knownRegions = (
				en,
				Base,
			);
			mainGroup = CEF227A72D706D7600E97B2A;
			minimizedProjectReferenceProxies = 1;
			packageReferences = (
				CEF227DD2D706DCE00E97B2A /* XCRemoteSwiftPackageReference "realm-swift" */,
			);
			preferredProjectObjectVersion = 77;
			productRefGroup = CEF227B12D706D7600E97B2A /* Products */;
			projectDirPath = "";
			projectRoot = "";
			targets = (
				CEF227AF2D706D7600E97B2A /* TODOApp_SwiftUI */,
				CEF227BF2D706D7800E97B2A /* TODOApp_SwiftUITests */,
				CEF227C92D706D7800E97B2A /* TODOApp_SwiftUIUITests */,
			);
		};
/* End PBXProject section */

/* Begin PBXResourcesBuildPhase section */
		CEF227AE2D706D7600E97B2A /* Resources */ = {
			isa = PBXResourcesBuildPhase;
			buildActionMask = 2147483647;
			files = (
			);
			runOnlyForDeploymentPostprocessing = 0;
		};
		CEF227BE2D706D7800E97B2A /* Resources */ = {
			isa = PBXResourcesBuildPhase;
			buildActionMask = 2147483647;
			files = (
			);
			runOnlyForDeploymentPostprocessing = 0;
		};
		CEF227C82D706D7800E97B2A /* Resources */ = {
			isa = PBXResourcesBuildPhase;
			buildActionMask = 2147483647;
			files = (
			);
			runOnlyForDeploymentPostprocessing = 0;
		};
/* End PBXResourcesBuildPhase section */

/* Begin PBXSourcesBuildPhase section */
		CEF227AC2D706D7600E97B2A /* Sources */ = {
			isa = PBXSourcesBuildPhase;
			buildActionMask = 2147483647;
			files = (
			);
			runOnlyForDeploymentPostprocessing = 0;
		};
		CEF227BC2D706D7800E97B2A /* Sources */ = {
			isa = PBXSourcesBuildPhase;
			buildActionMask = 2147483647;
			files = (
			);
			runOnlyForDeploymentPostprocessing = 0;
		};
		CEF227C62D706D7800E97B2A /* Sources */ = {
			isa = PBXSourcesBuildPhase;
			buildActionMask = 2147483647;
			files = (
			);
			runOnlyForDeploymentPostprocessing = 0;
		};
/* End PBXSourcesBuildPhase section */

/* Begin PBXTargetDependency section */
		CEF227C22D706D7800E97B2A /* PBXTargetDependency */ = {
			isa = PBXTargetDependency;
			target = CEF227AF2D706D7600E97B2A /* TODOApp_SwiftUI */;
			targetProxy = CEF227C12D706D7800E97B2A /* PBXContainerItemProxy */;
		};
		CEF227CC2D706D7800E97B2A /* PBXTargetDependency */ = {
			isa = PBXTargetDependency;
			target = CEF227AF2D706D7600E97B2A /* TODOApp_SwiftUI */;
			targetProxy = CEF227CB2D706D7800E97B2A /* PBXContainerItemProxy */;
		};
/* End PBXTargetDependency section */

/* Begin XCBuildConfiguration section */
		CEF227D22D706D7800E97B2A /* Debug */ = {
			isa = XCBuildConfiguration;
			buildSettings = {
				ALWAYS_SEARCH_USER_PATHS = NO;
				ASSETCATALOG_COMPILER_GENERATE_SWIFT_ASSET_SYMBOL_EXTENSIONS = YES;
				CLANG_ANALYZER_NONNULL = YES;
				CLANG_ANALYZER_NUMBER_OBJECT_CONVERSION = YES_AGGRESSIVE;
				CLANG_CXX_LANGUAGE_STANDARD = "gnu++20";
				CLANG_ENABLE_MODULES = YES;
				CLANG_ENABLE_OBJC_ARC = YES;
				CLANG_ENABLE_OBJC_WEAK = YES;
				CLANG_WARN_BLOCK_CAPTURE_AUTORELEASING = YES;
				CLANG_WARN_BOOL_CONVERSION = YES;
				CLANG_WARN_COMMA = YES;
				CLANG_WARN_CONSTANT_CONVERSION = YES;
				CLANG_WARN_DEPRECATED_OBJC_IMPLEMENTATIONS = YES;
				CLANG_WARN_DIRECT_OBJC_ISA_USAGE = YES_ERROR;
				CLANG_WARN_DOCUMENTATION_COMMENTS = YES;
				CLANG_WARN_EMPTY_BODY = YES;
				CLANG_WARN_ENUM_CONVERSION = YES;
				CLANG_WARN_INFINITE_RECURSION = YES;
				CLANG_WARN_INT_CONVERSION = YES;
				CLANG_WARN_NON_LITERAL_NULL_CONVERSION = YES;
				CLANG_WARN_OBJC_IMPLICIT_RETAIN_SELF = YES;
				CLANG_WARN_OBJC_LITERAL_CONVERSION = YES;
				CLANG_WARN_OBJC_ROOT_CLASS = YES_ERROR;
				CLANG_WARN_QUOTED_INCLUDE_IN_FRAMEWORK_HEADER = YES;
				CLANG_WARN_RANGE_LOOP_ANALYSIS = YES;
				CLANG_WARN_STRICT_PROTOTYPES = YES;
				CLANG_WARN_SUSPICIOUS_MOVE = YES;
				CLANG_WARN_UNGUARDED_AVAILABILITY = YES_AGGRESSIVE;
				CLANG_WARN_UNREACHABLE_CODE = YES;
				CLANG_WARN__DUPLICATE_METHOD_MATCH = YES;
				COPY_PHASE_STRIP = NO;
				DEBUG_INFORMATION_FORMAT = dwarf;
				ENABLE_STRICT_OBJC_MSGSEND = YES;
				ENABLE_TESTABILITY = YES;
				ENABLE_USER_SCRIPT_SANDBOXING = YES;
				GCC_C_LANGUAGE_STANDARD = gnu17;
				GCC_DYNAMIC_NO_PIC = NO;
				GCC_NO_COMMON_BLOCKS = YES;
				GCC_OPTIMIZATION_LEVEL = 0;
				GCC_PREPROCESSOR_DEFINITIONS = (
					"DEBUG=1",
					"$(inherited)",
				);
				GCC_WARN_64_TO_32_BIT_CONVERSION = YES;
				GCC_WARN_ABOUT_RETURN_TYPE = YES_ERROR;
				GCC_WARN_UNDECLARED_SELECTOR = YES;
				GCC_WARN_UNINITIALIZED_AUTOS = YES_AGGRESSIVE;
				GCC_WARN_UNUSED_FUNCTION = YES;
				GCC_WARN_UNUSED_VARIABLE = YES;
				IPHONEOS_DEPLOYMENT_TARGET = 18.2;
				LOCALIZATION_PREFERS_STRING_CATALOGS = YES;
				MTL_ENABLE_DEBUG_INFO = INCLUDE_SOURCE;
				MTL_FAST_MATH = YES;
				ONLY_ACTIVE_ARCH = YES;
				SDKROOT = iphoneos;
				SWIFT_ACTIVE_COMPILATION_CONDITIONS = "DEBUG $(inherited)";
				SWIFT_OPTIMIZATION_LEVEL = "-Onone";
			};
			name = Debug;
		};
		CEF227D32D706D7800E97B2A /* Release */ = {
			isa = XCBuildConfiguration;
			buildSettings = {
				ALWAYS_SEARCH_USER_PATHS = NO;
				ASSETCATALOG_COMPILER_GENERATE_SWIFT_ASSET_SYMBOL_EXTENSIONS = YES;
				CLANG_ANALYZER_NONNULL = YES;
				CLANG_ANALYZER_NUMBER_OBJECT_CONVERSION = YES_AGGRESSIVE;
				CLANG_CXX_LANGUAGE_STANDARD = "gnu++20";
				CLANG_ENABLE_MODULES = YES;
				CLANG_ENABLE_OBJC_ARC = YES;
				CLANG_ENABLE_OBJC_WEAK = YES;
				CLANG_WARN_BLOCK_CAPTURE_AUTORELEASING = YES;
				CLANG_WARN_BOOL_CONVERSION = YES;
				CLANG_WARN_COMMA = YES;
				CLANG_WARN_CONSTANT_CONVERSION = YES;
				CLANG_WARN_DEPRECATED_OBJC_IMPLEMENTATIONS = YES;
				CLANG_WARN_DIRECT_OBJC_ISA_USAGE = YES_ERROR;
				CLANG_WARN_DOCUMENTATION_COMMENTS = YES;
				CLANG_WARN_EMPTY_BODY = YES;
				CLANG_WARN_ENUM_CONVERSION = YES;
				CLANG_WARN_INFINITE_RECURSION = YES;
				CLANG_WARN_INT_CONVERSION = YES;
				CLANG_WARN_NON_LITERAL_NULL_CONVERSION = YES;
				CLANG_WARN_OBJC_IMPLICIT_RETAIN_SELF = YES;
				CLANG_WARN_OBJC_LITERAL_CONVERSION = YES;
				CLANG_WARN_OBJC_ROOT_CLASS = YES_ERROR;
				CLANG_WARN_QUOTED_INCLUDE_IN_FRAMEWORK_HEADER = YES;
				CLANG_WARN_RANGE_LOOP_ANALYSIS = YES;
				CLANG_WARN_STRICT_PROTOTYPES = YES;
				CLANG_WARN_SUSPICIOUS_MOVE = YES;
				CLANG_WARN_UNGUARDED_AVAILABILITY = YES_AGGRESSIVE;
				CLANG_WARN_UNREACHABLE_CODE = YES;
				CLANG_WARN__DUPLICATE_METHOD_MATCH = YES;
				COPY_PHASE_STRIP = NO;
				DEBUG_INFORMATION_FORMAT = "dwarf-with-dsym";
				ENABLE_NS_ASSERTIONS = NO;
				ENABLE_STRICT_OBJC_MSGSEND = YES;
				ENABLE_USER_SCRIPT_SANDBOXING = YES;
				GCC_C_LANGUAGE_STANDARD = gnu17;
				GCC_NO_COMMON_BLOCKS = YES;
				GCC_WARN_64_TO_32_BIT_CONVERSION = YES;
				GCC_WARN_ABOUT_RETURN_TYPE = YES_ERROR;
				GCC_WARN_UNDECLARED_SELECTOR = YES;
				GCC_WARN_UNINITIALIZED_AUTOS = YES_AGGRESSIVE;
				GCC_WARN_UNUSED_FUNCTION = YES;
				GCC_WARN_UNUSED_VARIABLE = YES;
				IPHONEOS_DEPLOYMENT_TARGET = 18.2;
				LOCALIZATION_PREFERS_STRING_CATALOGS = YES;
				MTL_ENABLE_DEBUG_INFO = NO;
				MTL_FAST_MATH = YES;
				SDKROOT = iphoneos;
				SWIFT_COMPILATION_MODE = wholemodule;
				VALIDATE_PRODUCT = YES;
			};
			name = Release;
		};
		CEF227D52D706D7800E97B2A /* Debug */ = {
			isa = XCBuildConfiguration;
			buildSettings = {
				ASSETCATALOG_COMPILER_APPICON_NAME = AppIcon;
				ASSETCATALOG_COMPILER_GLOBAL_ACCENT_COLOR_NAME = AccentColor;
				CODE_SIGN_STYLE = Automatic;
				CURRENT_PROJECT_VERSION = 1;
				DEVELOPMENT_ASSET_PATHS = "\"TODOApp_SwiftUI/Preview Content\"";
				DEVELOPMENT_TEAM = 59NGP8A82T;
				ENABLE_PREVIEWS = YES;
				GENERATE_INFOPLIST_FILE = YES;
				INFOPLIST_KEY_UIApplicationSceneManifest_Generation = YES;
				INFOPLIST_KEY_UIApplicationSupportsIndirectInputEvents = YES;
				INFOPLIST_KEY_UILaunchScreen_Generation = YES;
				INFOPLIST_KEY_UISupportedInterfaceOrientations_iPad = "UIInterfaceOrientationPortrait UIInterfaceOrientationPortraitUpsideDown UIInterfaceOrientationLandscapeLeft UIInterfaceOrientationLandscapeRight";
				INFOPLIST_KEY_UISupportedInterfaceOrientations_iPhone = "UIInterfaceOrientationPortrait UIInterfaceOrientationLandscapeLeft UIInterfaceOrientationLandscapeRight";
				LD_RUNPATH_SEARCH_PATHS = (
					"$(inherited)",
					"@executable_path/Frameworks",
				);
				MARKETING_VERSION = 1.0;
				PRODUCT_BUNDLE_IDENTIFIER = "com.Mylar.TODOApp-SwiftUI";
				PRODUCT_NAME = "$(TARGET_NAME)";
				SWIFT_EMIT_LOC_STRINGS = YES;
				SWIFT_VERSION = 5.0;
				TARGETED_DEVICE_FAMILY = "1,2";
			};
			name = Debug;
		};
		CEF227D62D706D7800E97B2A /* Release */ = {
			isa = XCBuildConfiguration;
			buildSettings = {
				ASSETCATALOG_COMPILER_APPICON_NAME = AppIcon;
				ASSETCATALOG_COMPILER_GLOBAL_ACCENT_COLOR_NAME = AccentColor;
				CODE_SIGN_STYLE = Automatic;
				CURRENT_PROJECT_VERSION = 1;
				DEVELOPMENT_ASSET_PATHS = "\"TODOApp_SwiftUI/Preview Content\"";
				DEVELOPMENT_TEAM = 59NGP8A82T;
				ENABLE_PREVIEWS = YES;
				GENERATE_INFOPLIST_FILE = YES;
				INFOPLIST_KEY_UIApplicationSceneManifest_Generation = YES;
				INFOPLIST_KEY_UIApplicationSupportsIndirectInputEvents = YES;
				INFOPLIST_KEY_UILaunchScreen_Generation = YES;
				INFOPLIST_KEY_UISupportedInterfaceOrientations_iPad = "UIInterfaceOrientationPortrait UIInterfaceOrientationPortraitUpsideDown UIInterfaceOrientationLandscapeLeft UIInterfaceOrientationLandscapeRight";
				INFOPLIST_KEY_UISupportedInterfaceOrientations_iPhone = "UIInterfaceOrientationPortrait UIInterfaceOrientationLandscapeLeft UIInterfaceOrientationLandscapeRight";
				LD_RUNPATH_SEARCH_PATHS = (
					"$(inherited)",
					"@executable_path/Frameworks",
				);
				MARKETING_VERSION = 1.0;
				PRODUCT_BUNDLE_IDENTIFIER = "com.Mylar.TODOApp-SwiftUI";
				PRODUCT_NAME = "$(TARGET_NAME)";
				SWIFT_EMIT_LOC_STRINGS = YES;
				SWIFT_VERSION = 5.0;
				TARGETED_DEVICE_FAMILY = "1,2";
			};
			name = Release;
		};
		CEF227D82D706D7800E97B2A /* Debug */ = {
			isa = XCBuildConfiguration;
			buildSettings = {
				BUNDLE_LOADER = "$(TEST_HOST)";
				CODE_SIGN_STYLE = Automatic;
				CURRENT_PROJECT_VERSION = 1;
				DEVELOPMENT_TEAM = 59NGP8A82T;
				GENERATE_INFOPLIST_FILE = YES;
				IPHONEOS_DEPLOYMENT_TARGET = 18.2;
				MARKETING_VERSION = 1.0;
				PRODUCT_BUNDLE_IDENTIFIER = "com.Mylar.TODOApp-SwiftUITests";
				PRODUCT_NAME = "$(TARGET_NAME)";
				SWIFT_EMIT_LOC_STRINGS = NO;
				SWIFT_VERSION = 5.0;
				TARGETED_DEVICE_FAMILY = "1,2";
				TEST_HOST = "$(BUILT_PRODUCTS_DIR)/TODOApp_SwiftUI.app/$(BUNDLE_EXECUTABLE_FOLDER_PATH)/TODOApp_SwiftUI";
			};
			name = Debug;
		};
		CEF227D92D706D7800E97B2A /* Release */ = {
			isa = XCBuildConfiguration;
			buildSettings = {
				BUNDLE_LOADER = "$(TEST_HOST)";
				CODE_SIGN_STYLE = Automatic;
				CURRENT_PROJECT_VERSION = 1;
				DEVELOPMENT_TEAM = 59NGP8A82T;
				GENERATE_INFOPLIST_FILE = YES;
				IPHONEOS_DEPLOYMENT_TARGET = 18.2;
				MARKETING_VERSION = 1.0;
				PRODUCT_BUNDLE_IDENTIFIER = "com.Mylar.TODOApp-SwiftUITests";
				PRODUCT_NAME = "$(TARGET_NAME)";
				SWIFT_EMIT_LOC_STRINGS = NO;
				SWIFT_VERSION = 5.0;
				TARGETED_DEVICE_FAMILY = "1,2";
				TEST_HOST = "$(BUILT_PRODUCTS_DIR)/TODOApp_SwiftUI.app/$(BUNDLE_EXECUTABLE_FOLDER_PATH)/TODOApp_SwiftUI";
			};
			name = Release;
		};
		CEF227DB2D706D7800E97B2A /* Debug */ = {
			isa = XCBuildConfiguration;
			buildSettings = {
				CODE_SIGN_STYLE = Automatic;
				CURRENT_PROJECT_VERSION = 1;
				DEVELOPMENT_TEAM = 59NGP8A82T;
				GENERATE_INFOPLIST_FILE = YES;
				MARKETING_VERSION = 1.0;
				PRODUCT_BUNDLE_IDENTIFIER = "com.Mylar.TODOApp-SwiftUIUITests";
				PRODUCT_NAME = "$(TARGET_NAME)";
				SWIFT_EMIT_LOC_STRINGS = NO;
				SWIFT_VERSION = 5.0;
				TARGETED_DEVICE_FAMILY = "1,2";
				TEST_TARGET_NAME = TODOApp_SwiftUI;
			};
			name = Debug;
		};
		CEF227DC2D706D7800E97B2A /* Release */ = {
			isa = XCBuildConfiguration;
			buildSettings = {
				CODE_SIGN_STYLE = Automatic;
				CURRENT_PROJECT_VERSION = 1;
				DEVELOPMENT_TEAM = 59NGP8A82T;
				GENERATE_INFOPLIST_FILE = YES;
				MARKETING_VERSION = 1.0;
				PRODUCT_BUNDLE_IDENTIFIER = "com.Mylar.TODOApp-SwiftUIUITests";
				PRODUCT_NAME = "$(TARGET_NAME)";
				SWIFT_EMIT_LOC_STRINGS = NO;
				SWIFT_VERSION = 5.0;
				TARGETED_DEVICE_FAMILY = "1,2";
				TEST_TARGET_NAME = TODOApp_SwiftUI;
			};
			name = Release;
		};
/* End XCBuildConfiguration section */

/* Begin XCConfigurationList section */
		CEF227AB2D706D7600E97B2A /* Build configuration list for PBXProject "TODOApp_SwiftUI" */ = {
			isa = XCConfigurationList;
			buildConfigurations = (
				CEF227D22D706D7800E97B2A /* Debug */,
				CEF227D32D706D7800E97B2A /* Release */,
			);
			defaultConfigurationIsVisible = 0;
			defaultConfigurationName = Release;
		};
		CEF227D42D706D7800E97B2A /* Build configuration list for PBXNativeTarget "TODOApp_SwiftUI" */ = {
			isa = XCConfigurationList;
			buildConfigurations = (
				CEF227D52D706D7800E97B2A /* Debug */,
				CEF227D62D706D7800E97B2A /* Release */,
			);
			defaultConfigurationIsVisible = 0;
			defaultConfigurationName = Release;
		};
		CEF227D72D706D7800E97B2A /* Build configuration list for PBXNativeTarget "TODOApp_SwiftUITests" */ = {
			isa = XCConfigurationList;
			buildConfigurations = (
				CEF227D82D706D7800E97B2A /* Debug */,
				CEF227D92D706D7800E97B2A /* Release */,
			);
			defaultConfigurationIsVisible = 0;
			defaultConfigurationName = Release;
		};
		CEF227DA2D706D7800E97B2A /* Build configuration list for PBXNativeTarget "TODOApp_SwiftUIUITests" */ = {
			isa = XCConfigurationList;
			buildConfigurations = (
				CEF227DB2D706D7800E97B2A /* Debug */,
				CEF227DC2D706D7800E97B2A /* Release */,
			);
			defaultConfigurationIsVisible = 0;
			defaultConfigurationName = Release;
		};
/* End XCConfigurationList section */

/* Begin XCRemoteSwiftPackageReference section */
		CEF227DD2D706DCE00E97B2A /* XCRemoteSwiftPackageReference "realm-swift" */ = {
			isa = XCRemoteSwiftPackageReference;
			repositoryURL = "https://github.com/realm/realm-swift";
			requirement = {
				branch = master;
				kind = branch;
			};
		};
/* End XCRemoteSwiftPackageReference section */

/* Begin XCSwiftPackageProductDependency section */
		CEF228132D70877800E97B2A /* RealmSwift */ = {
			isa = XCSwiftPackageProductDependency;
			package = CEF227DD2D706DCE00E97B2A /* XCRemoteSwiftPackageReference "realm-swift" */;
			productName = RealmSwift;
		};
/* End XCSwiftPackageProductDependency section */
	};
	rootObject = CEF227A82D706D7600E97B2A /* Project object */;
}
